PODS:
  - PageScan (0.0.1):
    - ReactiveSwift
  - ReactiveSwift (6.3.0)

DEPENDENCIES:
  - PageScan (from `../`)
  - ReactiveSwift

SPEC REPOS:
  trunk:
    - ReactiveSwift

EXTERNAL SOURCES:
  PageScan:
    :path: "../"

SPEC CHECKSUMS:
  PageScan: 123a9d74434ed3137ce0aa27db4e1c3bd613f914
  ReactiveSwift: 7937f26ec18d555e2a99352bd0a8b2817d1f042d

PODFILE CHECKSUM: 0d79541077350b257940dae52d5dc1b6319f5377

COCOAPODS: 1.9.0
